
Microsoft Visual Studio Solution File, Format Version 12.00
# Visual Studio Version 17
VisualStudioVersion = 17.10.34916.146
MinimumVisualStudioVersion = 10.0.40219.1
Project("{FAE04EC0-301F-11D3-BF4B-00C04F79EFBC}") = "Aula 13_Polimorfismo", "Aula 13_Polimorfismo\Aula 13_Polimorfismo.csproj", "{A6F815F3-08ED-4DDC-891C-63B7CB792E3D}"
EndProject
Global
	GlobalSection(SolutionConfigurationPlatforms) = preSolution
		Debug|Any CPU = Debug|Any CPU
		Release|Any CPU = Release|Any CPU
	EndGlobalSection
	GlobalSection(ProjectConfigurationPlatforms) = postSolution
		{A6F815F3-08ED-4DDC-891C-63B7CB792E3D}.Debug|Any CPU.ActiveCfg = Debug|Any CPU
		{A6F815F3-08ED-4DDC-891C-63B7CB792E3D}.Debug|Any CPU.Build.0 = Debug|Any CPU
		{A6F815F3-08ED-4DDC-891C-63B7CB792E3D}.Release|Any CPU.ActiveCfg = Release|Any CPU
		{A6F815F3-08ED-4DDC-891C-63B7CB792E3D}.Release|Any CPU.Build.0 = Release|Any CPU
	EndGlobalSection
	GlobalSection(SolutionProperties) = preSolution
		HideSolutionNode = FALSE
	EndGlobalSection
	GlobalSection(ExtensibilityGlobals) = postSolution
		SolutionGuid = {02E59D1D-6E1F-4A00-AB4A-5BAC45B49E17}
	EndGlobalSection
EndGlobal
